schema: '2.0'
stages:
  stage_01:
    cmd: python stage_01.py
    deps:
    - path: stage_01.py
      hash: md5
      md5: 764f199753a70f4a8f7e08c50003ce54
      size: 103
    outs:
    - path: artifact.txt
      hash: md5
      md5: 24f304c6c294665306bfb539d8b146b1
      size: 45
  stage_02:
    cmd: python stage_02.py
    deps:
    - path: artifact.txt
      hash: md5
      md5: c9e32bfd3b2dd901f957b587609dff22
      size: 68
    - path: stage_02.py
      hash: md5
      md5: cf5acaebfc57a8b79a99a7b64885e530
      size: 143
  stage_03:
    cmd: python stage_03.py
    deps:
    - path: artifact.txt
      hash: md5
      md5: c9e32bfd3b2dd901f957b587609dff22
      size: 68
    - path: stage_03.py
      hash: md5
      md5: dd066e04b8546060dfb788d808c73cff
      size: 194
